
Microsoft Visual Studio Solution File, Format Version 12.00
# Visual Studio Version 17
VisualStudioVersion = 17.5.002.0
MinimumVisualStudioVersion = 10.0.40219.1
Project("{9A19103F-16F7-4668-BE54-9A1E7A4F7556}") = "BookApp", "BookApp.csproj", "{02D4E279-82E7-4222-95F3-AE4D6B36ED0B}"
EndProject
Global
	GlobalSection(SolutionConfigurationPlatforms) = preSolution
		Debug|Any CPU = Debug|Any CPU
		Release|Any CPU = Release|Any CPU
	EndGlobalSection
	GlobalSection(ProjectConfigurationPlatforms) = postSolution
		{02D4E279-82E7-4222-95F3-AE4D6B36ED0B}.Debug|Any CPU.ActiveCfg = Debug|Any CPU
		{02D4E279-82E7-4222-95F3-AE4D6B36ED0B}.Debug|Any CPU.Build.0 = Debug|Any CPU
		{02D4E279-82E7-4222-95F3-AE4D6B36ED0B}.Release|Any CPU.ActiveCfg = Release|Any CPU
		{02D4E279-82E7-4222-95F3-AE4D6B36ED0B}.Release|Any CPU.Build.0 = Release|Any CPU
	EndGlobalSection
	GlobalSection(SolutionProperties) = preSolution
		HideSolutionNode = FALSE
	EndGlobalSection
	GlobalSection(ExtensibilityGlobals) = postSolution
		SolutionGuid = {A7B60958-3AC4-45BD-BA61-0AD09F528800}
	EndGlobalSection
EndGlobal
